
Microsoft Visual Studio Solution File, Format Version 12.00
# Visual Studio Version 17
VisualStudioVersion = 17.3.32819.101
MinimumVisualStudioVersion = 10.0.40219.1
Project("{FAE04EC0-301F-11D3-BF4B-00C04F79EFBC}") = "Mi_Lector_De_Voz", "Mi_Lector_De_Voz\Mi_Lector_De_Voz.csproj", "{933EBFCA-451B-44C4-BA27-0310160A8756}"
EndProject
Global
	GlobalSection(SolutionConfigurationPlatforms) = preSolution
		Debug|Any CPU = Debug|Any CPU
		Release|Any CPU = Release|Any CPU
	EndGlobalSection
	GlobalSection(ProjectConfigurationPlatforms) = postSolution
		{933EBFCA-451B-44C4-BA27-0310160A8756}.Debug|Any CPU.ActiveCfg = Debug|Any CPU
		{933EBFCA-451B-44C4-BA27-0310160A8756}.Debug|Any CPU.Build.0 = Debug|Any CPU
		{933EBFCA-451B-44C4-BA27-0310160A8756}.Release|Any CPU.ActiveCfg = Release|Any CPU
		{933EBFCA-451B-44C4-BA27-0310160A8756}.Release|Any CPU.Build.0 = Release|Any CPU
	EndGlobalSection
	GlobalSection(SolutionProperties) = preSolution
		HideSolutionNode = FALSE
	EndGlobalSection
	GlobalSection(ExtensibilityGlobals) = postSolution
		SolutionGuid = {0B958A17-5A8C-45C4-ADAA-C576D32AF264}
	EndGlobalSection
EndGlobal
